github.com/aws/aws-sdk-go-v2 v1.46.0 h1:1kt7m/EKcEHt5mlyyxx9cSlMddRPIKbjb6DIQsu4HPk=
github.com/aws/aws-sdk-go-v2 v1.46.0/go.mod h1:bttEH6JqnUL8LepvDVfdrds/fZ5bCIxzpe3abyUrhDU=
github.com/aws/aws-sdk-go-v2/config v1.33.3 h1:h090b3O5S17bF87/0ysHZuIT/7DCb4EBRFQX2PMVPCw=
github.com/aws/aws-sdk-go-v2/config v1.33.3/go.mod h1:YYDB1kTejxbfAbEVUqgCtkVp26xvNCHev9cLKABMGAk=
github.com/aws/aws-sdk-go-v2/credentials v1.20.3 h1:tToOYM/LXev4NpfWlIYGDvBvjHmJ3HXpRU9ppl+pM6k=
github.com/aws/aws-sdk-go-v2/credentials v1.20.3/go.mod h1:wfGneWyncO7p67wqXV2IQhPk14JqIc25woKlaArT3WI=
github.com/aws/aws-sdk-go-v2/feature/ec2/imds v1.19.2 h1:Ldv7RPHs7qwwTscRjAl3YBud32f3BvdAGRmSvAx5L38=
github.com/aws/aws-sdk-go-v2/feature/ec2/imds v1.19.2/go.mod h1:XyK6UV8xbo66ysVqLd2783C09pBYHOm8aKTRV5DVJ30=
github.com/aws/aws-sdk-go-v2/internal/configsources v1.5.2 h1:q/PSLGuRWCChWg+dLnb9dWOnrCxJtnboXbBtFoqqRrI=
github.com/aws/aws-sdk-go-v2/internal/configsources v1.5.2/go.mod h1:TD1jvU2LvXkJexct5vBqcd8QlNXh5EmRUeL/Z32p0n4=
github.com/aws/aws-sdk-go-v2/internal/endpoints/v2 v2.8.2 h1:6fl86IPqKEXoySqiOWdfgbEp9OVbn44zTfEICNEBDhY=
github.com/aws/aws-sdk-go-v2/internal/endpoints/v2 v2.8.2/go.mod h1:63HDfhFkdzBpI8WGXTSKUHPKS6mqldj4u3LJW7RZtSU=
github.com/aws/aws-sdk-go-v2/internal/v4a v1.5.2 h1:XMgIRS+uW9F3yFKnXGRrI9pkHi99CXTmoz2kz2/TGBA=
github.com/aws/aws-sdk-go-v2/internal/v4a v1.5.2/go.mod h1:vorxDzK+n3jiv9a5ST/LG0Eu9cSv1CRdKTpG6pDMs+M=
github.com/aws/aws-sdk-go-v2/service/internal/accept-encoding v1.13.19 h1:bAdDl/HkGCcGPoe25ToSHEw23VIxt6CT5fLcg111BKg=
github.com/aws/aws-sdk-go-v2/service/internal/accept-encoding v1.13.19/go.mod h1:KaUzbLxv4CeSxh6ZCl9B4m7CuFenS8kUEaDs+f/DQr4=
github.com/aws/aws-sdk-go-v2/service/internal/presigned-url v1.14.2 h1:ZtHYnumr6QyxhzEzNZwzQTFJEXOswrZqTTkRxthwvr4=
github.com/aws/aws-sdk-go-v2/service/internal/presigned-url v1.14.2/go.mod h1:a1NXrYpBd311gBzn1UI5UzJyyvXktM4xNh/ydPiPpqY=
github.com/aws/aws-sdk-go-v2/service/signin v1.9.0 h1:c3k+k/CS4L+sAIH6fxikL+g5g2LpeNczaoyjjw1iMKI=
github.com/aws/aws-sdk-go-v2/service/signin v1.9.0/go.mod h1:AGIoQg99fBrOIQnF78TLx4lj18mc4gZ0hJx1UaLIFM4=
github.com/aws/aws-sdk-go-v2/service/sns v1.46.0 h1:fD02zeo2Kc4hlFUvGX3FfA+gGOwd4BBcYgPDHDEzx9Y=
github.com/aws/aws-sdk-go-v2/service/sns v1.46.0/go.mod h1:/lB2ILjoT5/q0zSwtHnrJPjXBvjalnEIl0IgSEdvHec=
github.com/aws/aws-sdk-go-v2/service/sqs v1.51.0 h1:FghdY9ebeZf9iIan9J0xfBEID8arYibNBeZ1XHvs4oA=
github.com/aws/aws-sdk-go-v2/service/sqs v1.51.0/go.mod h1:wu7uOJ/2nAdenjvhHikeF6j0al99kfPVG6ZDU4e76OY=
github.com/aws/aws-sdk-go-v2/service/sso v1.37.0 h1:+rqBaOq7jzInjY8M12hr+zEe85JpRll9BjMx38r33Ok=
github.com/aws/aws-sdk-go-v2/service/sso v1.37.0/go.mod h1:XFlVwUsw3sYh8Hw37umYVJnrcWrwXWRxbNw/JY0bblw=
github.com/aws/aws-sdk-go-v2/service/ssooidc v1.42.0 h1:hzM3GslEAOBcLn3DHH6ENToFi+vXP+n02W+x6zejAIM=
github.com/aws/aws-sdk-go-v2/service/ssooidc v1.42.0/go.mod h1:588e7skMkYIYkSUseT8E3WKFfbAfrA1bj3Zf+qxJtJY=
github.com/aws/aws-sdk-go-v2/service/sts v1.49.0 h1:N7Ey8obY3uSui+cxl0OUzFlFmkxSucoJnrniFhw+cLc=
github.com/aws/aws-sdk-go-v2/service/sts v1.49.0/go.mod h1:zMBwjSf4Pt8a1OHYiZ5rPD0PJRK1kQrUaxhS/Dbld8E=
github.com/aws/smithy-go v1.28.1 h1:R/nXH00c8qcfCzQVELtRw+eLQWtzv+VAIEFJ1/xxXlQ=
github.com/aws/smithy-go v1.28.1/go.mod h1:YE2RhdIuDbA5E5bTdciG9KrW3+TiEONeUWCqxX9i1Fc=
github.com/cespare/xxhash/v2 v2.3.0 h1:UL815xU9SqsFlibzuggzjXhog7bL6oX9BbNZnL2UFvs=
github.com/cespare/xxhash/v2 v2.3.0/go.mod h1:VGX0DQ3Q6kWi7AoAeZDth3/j3BFtOZR5XLFGgcrjCOs=
github.com/go-logr/logr v1.2.2/go.mod h1:jdQByPbusPIv2/zmleS9BjJVeZ6kBagPoEUsqbVz/1A=
github.com/go-logr/logr v1.4.4 h1:tG4xh9yMsRCAiodLVTxyrkzSZ9+o0L1Kg/+cPVcbP/8=
github.com/go-logr/logr v1.4.4/go.mod h1:9T104GzyrTigFIr8wt5mBrctHMim0Nb2HLGrmQ40KvY=
github.com/go-logr/stdr v1.2.2 h1:hSWxHoqTgW2S2qGc0LTAI563KZ5YKYRhT3MFKZMbjag=
github.com/go-logr/stdr v1.2.2/go.mod h1:mMo/vtBO5dYbehREoey6XUKy/eSumjCCveDpRre4VKE=
github.com/google/go-cmp v0.7.0 h1:wk8382ETsv4JYUZwIsn6YpYiWiBsYLSJiTsyBybVuN8=
github.com/google/go-cmp v0.7.0/go.mod h1:pXiqmnSA92OHEEa9HXL2W4E7lf9JzCmGVUdgjX3N/iU=
github.com/google/uuid v1.6.0 h1:NIvaJDMOsjHA8n1jAhLSgzrAzy1Hgr+hNrb57e+94F0=
github.com/google/uuid v1.6.0/go.mod h1:TIyPZe4MgqvfeYDBFedMoGGpEw/LqOeaOT+nhxU+yHo=
github.com/mateusmacedo/dmpf/libs/backend/go/contracts v0.1.0 h1:xuJnCTj1rYikD6BcnEZnfyTZWX/98Upnj8P/EjUSn2Q=
github.com/mateusmacedo/dmpf/libs/backend/go/contracts v0.1.0/go.mod h1:7GUQfUyyf7LDV1qTr1J6rWY8NL7SiNSHqBeBcr1LKP4=
github.com/mateusmacedo/dmpf/libs/backend/go/domain v0.1.0 h1:f41j0Xq737FTye4buE8SBITT4LRcyhkkDWTEYKvmKYQ=
github.com/mateusmacedo/dmpf/libs/backend/go/domain v0.1.0/go.mod h1:DKnmu4dmfsbU6qVvmLBSZJn1f+CqO7o4vynjixSWY4E=
github.com/mateusmacedo/dmpf/libs/backend/go/memory v0.1.0 h1:7LguCCcGB69sokH7EoYinAIo7cR56bcqufjMLqD6O5s=
github.com/mateusmacedo/dmpf/libs/backend/go/memory v0.1.0/go.mod h1:MKWFw2kw3x0jhH/s/gwhv3+A4kWGvV9MtFJ0Ks4W4/Q=
github.com/mateusmacedo/dmpf/libs/backend/go/observability v0.1.0 h1:AUGZE4eZntj7fZXV7XN+pb8lJ/ugf5WqHbaiFY/ue3A=
github.com/mateusmacedo/dmpf/libs/backend/go/observability v0.1.0/go.mod h1:ujYOdkA8GA2Ax3nnPQBn/4J9dq3191Tm3Vugf7d4suc=
github.com/mateusmacedo/dmpf/libs/backend/go/ports v0.1.0 h1:OYmYXe1hRh6ZsOhEUPG5FKqS1dtVCajc3wMf8EJ9y2A=
github.com/mateusmacedo/dmpf/libs/backend/go/ports v0.1.0/go.mod h1:lu0Rl0/AWoKl/z+zqYZDoUTvEdGj1XbjESIobueRKd0=
github.com/mateusmacedo/dmpf/libs/backend/go/testkit v0.1.0 h1:jgE3E2SJwwN/rk/xULR0q3lG6xgNGzLnQsGPjH3bDpE=
github.com/mateusmacedo/dmpf/libs/backend/go/testkit v0.1.0/go.mod h1:pKMGdzZRz2jf6m1j/OoqeBGh/0qUr2K0UpgLYLtRYS8=
github.com/mateusmacedo/dmpf/libs/backend/go/transport v0.1.0 h1:fWAakhlY1VZIHhcPK/kkoTJfeggN0LcgiKG6NIMGjtQ=
github.com/mateusmacedo/dmpf/libs/backend/go/transport v0.1.0/go.mod h1:vXZ0zEPuofuGnc+1bCyeJqncDWyijrLfPomtVS5/Kh0=
github.com/stretchr/testify v1.12.1 h1:EuwCh5fleGS7H32xRwO3wRGT7DxrDhLAT6FF8MpWDWE=
github.com/stretchr/testify v1.12.1/go.mod h1:MDEgiDPPsNp5cuIrHPPCyornHKgEVbtFUmoNlxoYthg=
go.opentelemetry.io/auto/sdk v1.2.1 h1:jXsnJ4Lmnqd11kwkBV2LgLoFMZKizbCi5fNZ/ipaZ64=
go.opentelemetry.io/auto/sdk v1.2.1/go.mod h1:KRTj+aOaElaLi+wW1kO/DZRXwkF4C5xPbEe3ZiIhN7Y=
go.opentelemetry.io/otel v1.47.0 h1:j7ALJ/zgkS7Z6aeJW09p8VC9804bC+PpeTfCD4XPnOM=
go.opentelemetry.io/otel v1.47.0/go.mod h1:8wS9O2qfXrYrzp6hIF/HOYJJf/wIhFPhR2xLuP+iXQU=
go.opentelemetry.io/otel/log v1.47.0 h1:cOTS1CcLbSQeZKanGJ+0JpF/+t4PELi3O3bbl2lqCcI=
go.opentelemetry.io/otel/log v1.47.0/go.mod h1:9byitSQ5pLC6PpqwGXjqdMKya6ZTswHRZh2vvXT33nw=
go.opentelemetry.io/otel/metric v1.47.0 h1:4PptaldXx3Eat1XjMZ68pPJEs5wrhlemctZE9a3UdWY=
go.opentelemetry.io/otel/metric v1.47.0/go.mod h1:ADGSXxRrXM6bjbvLo535EstVFlPpPYZm4LBKixjDHwU=
go.opentelemetry.io/otel/metric/x v0.69.0 h1:DjRLr15H83v+hCW7JA9NoJvOkYTtmq5YoDRbe9deYpM=
go.opentelemetry.io/otel/metric/x v0.69.0/go.mod h1:uVvsMPMFFyj/HUQfrUnH3JjnOQ1dwFDorgFLRBasM0k=
go.opentelemetry.io/otel/sdk v1.47.0 h1:zWXEr4j2lFefG87TU6Yg8a7ngfohIKFZHKp0Hf5hC6I=
go.opentelemetry.io/otel/sdk v1.47.0/go.mod h1:VUc24kiOeoGsxG8G9ULx3fWKvB7jMhnGE8Oi607lgR0=
go.opentelemetry.io/otel/sdk/log v1.47.0 h1:W4N/ZfgpkRRnmARnqYoQ6BrWA0mrj8IzVDNLlpmUJZY=
go.opentelemetry.io/otel/sdk/log v1.47.0/go.mod h1:Wu74Z2EmOKXi2FleSNAb0Hyau2G+r5kubSEMJw5aAMs=
go.opentelemetry.io/otel/sdk/metric v1.47.0 h1:lfISg2j93VT6yqdk9OfUaZmw/GfcZqCCV3jdXtsPnKw=
go.opentelemetry.io/otel/sdk/metric v1.47.0/go.mod h1:ypLp+mW1Nt2x+Szt3b5/i1syodyts49lMOwxpDI3VGw=
go.opentelemetry.io/otel/trace v1.47.0 h1:JOjX/Oci8K94QHddo+bbfya/Ai/nf6/dt9ZfrFNWSrM=
go.opentelemetry.io/otel/trace v1.47.0/go.mod h1:jNaSLa2PZEYFG6fRjJABAu+bw4FS08uDmPg28lTghu0=
go.uber.org/goleak v1.3.0 h1:2K3zAYmnTNqV73imy9J1T3WC+gmCePx2hEGkimedGto=
go.uber.org/goleak v1.3.0/go.mod h1:CoHD4mav9JJNrW/WLlf7HGZPjdw8EucARQHekz1X6bE=
go.yaml.in/yaml/v3 v3.0.5 h1:N6y/pJk8buWs9NY5ERU2HSMfm+IuD/OtfdAnq6kESPw=
go.yaml.in/yaml/v3 v3.0.5/go.mod h1:HVTZu1O7/Vkt2N+BFy8Zza+lnLsABggaTM2ZpNIGuKg=
golang.org/x/sys v0.48.0 h1:bbX/i/6MgT9BVLM9RT1thmxL04yeTAhbEz4SyadbXoo=
golang.org/x/sys v0.48.0/go.mod h1:hNLxWAXmnKAxqDtdwIYC4bM9oQPEecfsnNMuSxOs3og=
google.golang.org/protobuf v1.36.12 h1:pJOKDDOyeXErUroCihFAd5LQuwXBSpVnKGrj5o/fwxc=
google.golang.org/protobuf v1.36.12/go.mod h1:HTf+CrKn2C3g5S8VImy6tdcUvCska2kB7j23XfzDpco=
